
Microsoft Visual Studio Solution File, Format Version 12.00
# Visual Studio 15
Project("{FAE04EC0-301F-11D3-BF4B-00C04F79EFBC}") = "UnityEngine.UI", "UnityEngine.UI.csproj", "{D04307D6-A264-82DA-DA61-003196DB8069}"
EndProject
Project("{FAE04EC0-301F-11D3-BF4B-00C04F79EFBC}") = "UnityEngine.TestRunner", "UnityEngine.TestRunner.csproj", "{6A768E17-6881-84C5-0092-9C11BE3B1449}"
EndProject
Project("{FAE04EC0-301F-11D3-BF4B-00C04F79EFBC}") = "UnityEngine.Purchasing.Stores", "UnityEngine.Purchasing.Stores.csproj", "{B4E05AC2-B17C-5EBD-6B92-DB74C4B57511}"
EndProject
Project("{FAE04EC0-301F-11D3-BF4B-00C04F79EFBC}") = "Unity.Services.Analytics", "Unity.Services.Analytics.csproj", "{B808EF8A-8B60-213E-84A0-337C617EEFDF}"
EndProject
Project("{FAE04EC0-301F-11D3-BF4B-00C04F79EFBC}") = "Unity.Services.Core.Telemetry", "Unity.Services.Core.Telemetry.csproj", "{C48422EC-A843-FDD4-4CF1-7F3B57F8CC0E}"
EndProject
Project("{FAE04EC0-301F-11D3-BF4B-00C04F79EFBC}") = "Unity.InputSystem", "Unity.InputSystem.csproj", "{49E44ECF-31B6-38CC-C879-D82D72ABD7C8}"
EndProject
Project("{FAE04EC0-301F-11D3-BF4B-00C04F79EFBC}") = "Assembly-CSharp", "Assembly-CSharp.csproj", "{DDFBC18F-9396-3137-9CFE-DEB2CDB74636}"
EndProject
Project("{FAE04EC0-301F-11D3-BF4B-00C04F79EFBC}") = "UnityEngine.Purchasing.WinRTCore", "UnityEngine.Purchasing.WinRTCore.csproj", "{B74F4EDA-0D53-B599-F353-3C2A9F852085}"
EndProject
Project("{FAE04EC0-301F-11D3-BF4B-00C04F79EFBC}") = "Unity.Postprocessing.Runtime", "Unity.Postprocessing.Runtime.csproj", "{D4A55453-8037-32B1-0729-BC0A5605F996}"
EndProject
Project("{FAE04EC0-301F-11D3-BF4B-00C04F79EFBC}") = "UnityEngine.XR.LegacyInputHelpers", "UnityEngine.XR.LegacyInputHelpers.csproj", "{73510B86-2AEB-268A-17F9-F4E23C774079}"
EndProject
Project("{FAE04EC0-301F-11D3-BF4B-00C04F79EFBC}") = "UnityEngine.Monetization", "UnityEngine.Monetization.csproj", "{88409D30-C788-F8B3-3637-7412C34F63A7}"
EndProject
Project("{FAE04EC0-301F-11D3-BF4B-00C04F79EFBC}") = "UnityEngine.Purchasing.AppleCore", "UnityEngine.Purchasing.AppleCore.csproj", "{AA0FE9AB-1594-DBD2-B68B-419D2A8E7102}"
EndProject
Project("{FAE04EC0-301F-11D3-BF4B-00C04F79EFBC}") = "Unity.Services.Core.Environments.Internal", "Unity.Services.Core.Environments.Internal.csproj", "{4E31A882-6B55-6D6B-E367-4F08CBFE67EF}"
EndProject
Project("{FAE04EC0-301F-11D3-BF4B-00C04F79EFBC}") = "Unity.TextMeshPro", "Unity.TextMeshPro.csproj", "{6937D9FB-8FCD-C0F6-BE4F-4A48C1459CBD}"
EndProject
Project("{FAE04EC0-301F-11D3-BF4B-00C04F79EFBC}") = "UnityEngine.Advertisements", "UnityEngine.Advertisements.csproj", "{CCA14052-7FA9-E5E4-A4A0-374A636DB141}"
EndProject
Project("{FAE04EC0-301F-11D3-BF4B-00C04F79EFBC}") = "Unity.ProBuilder.Poly2Tri", "Unity.ProBuilder.Poly2Tri.csproj", "{8FD1D8E6-E08E-EA25-7A48-EF70E43A7F18}"
EndProject
Project("{FAE04EC0-301F-11D3-BF4B-00C04F79EFBC}") = "Unity.Timeline", "Unity.Timeline.csproj", "{4542AE01-05D2-F1EB-4DFE-A328E69A0DDC}"
EndProject
Project("{FAE04EC0-301F-11D3-BF4B-00C04F79EFBC}") = "Unity.ProBuilder", "Unity.ProBuilder.csproj", "{D9929062-AF1A-2054-7313-28DC433641BF}"
EndProject
Project("{FAE04EC0-301F-11D3-BF4B-00C04F79EFBC}") = "UnityEngine.Purchasing", "UnityEngine.Purchasing.csproj", "{B8404B9D-E101-D220-E34F-E8D6284F6FAD}"
EndProject
Project("{FAE04EC0-301F-11D3-BF4B-00C04F79EFBC}") = "Unity.Services.Core.Environments", "Unity.Services.Core.Environments.csproj", "{D2FBDDCA-C958-9108-4FAC-A359249A0C02}"
EndProject
Project("{FAE04EC0-301F-11D3-BF4B-00C04F79EFBC}") = "Unity.Services.Core.Internal", "Unity.Services.Core.Internal.csproj", "{7FB2EBE8-9ABE-FBE0-7EF0-876581E9B25C}"
EndProject
Project("{FAE04EC0-301F-11D3-BF4B-00C04F79EFBC}") = "Unity.Services.Core.Analytics", "Unity.Services.Core.Analytics.csproj", "{E736FC02-ADCF-0D14-35EE-00C2C4436563}"
EndProject
Project("{FAE04EC0-301F-11D3-BF4B-00C04F79EFBC}") = "UnityEngine.Purchasing.SecurityStub", "UnityEngine.Purchasing.SecurityStub.csproj", "{62FFC39D-DBB7-8BDF-7D82-2FFACBE2C32C}"
EndProject
Project("{FAE04EC0-301F-11D3-BF4B-00C04F79EFBC}") = "Unity.ProGrids", "Unity.ProGrids.csproj", "{E0740C36-F81A-5DE4-3E52-FEC1AA2414B8}"
EndProject
Project("{FAE04EC0-301F-11D3-BF4B-00C04F79EFBC}") = "Unity.ProBuilder.Csg", "Unity.ProBuilder.Csg.csproj", "{91475FD9-9AFB-08DE-76B8-D3407D76E941}"
EndProject
Project("{FAE04EC0-301F-11D3-BF4B-00C04F79EFBC}") = "Unity.Services.Core.Scheduler", "Unity.Services.Core.Scheduler.csproj", "{7DB1069F-E9FE-ECF6-661F-CCEDA73CFADE}"
EndProject
Project("{FAE04EC0-301F-11D3-BF4B-00C04F79EFBC}") = "Purchasing.Common", "Purchasing.Common.csproj", "{FA5390B8-14BD-B05B-9F90-36A498F22E6D}"
EndProject
Project("{FAE04EC0-301F-11D3-BF4B-00C04F79EFBC}") = "Unity.Services.Core.Registration", "Unity.Services.Core.Registration.csproj", "{5750FC1E-055C-0354-C959-42549A27EF37}"
EndProject
Project("{FAE04EC0-301F-11D3-BF4B-00C04F79EFBC}") = "Unity.Services.Core.Device", "Unity.Services.Core.Device.csproj", "{465F2AC8-DD51-2D4F-105E-7E207D2137C7}"
EndProject
Project("{FAE04EC0-301F-11D3-BF4B-00C04F79EFBC}") = "UnityEngine.Purchasing.SecurityCore", "UnityEngine.Purchasing.SecurityCore.csproj", "{9714CC21-663A-1992-4227-183680612091}"
EndProject
Project("{FAE04EC0-301F-11D3-BF4B-00C04F79EFBC}") = "UnityEngine.Purchasing.WinRTStub", "UnityEngine.Purchasing.WinRTStub.csproj", "{E0EE0A53-662D-AF33-B568-CCF2A0097F9F}"
EndProject
Project("{FAE04EC0-301F-11D3-BF4B-00C04F79EFBC}") = "Unity.Services.Core.Threading", "Unity.Services.Core.Threading.csproj", "{F1C159F4-B2E3-4198-2C40-CD81C9E73FDC}"
EndProject
Project("{FAE04EC0-301F-11D3-BF4B-00C04F79EFBC}") = "Unity.Services.Core.Networking", "Unity.Services.Core.Networking.csproj", "{C085E764-BEE5-A5A9-836C-4802211AD3BC}"
EndProject
Project("{FAE04EC0-301F-11D3-BF4B-00C04F79EFBC}") = "UnityEngine.Purchasing.AppleMacosStub", "UnityEngine.Purchasing.AppleMacosStub.csproj", "{200DC471-1AC2-867D-EAAC-E337ACEA236B}"
EndProject
Project("{FAE04EC0-301F-11D3-BF4B-00C04F79EFBC}") = "Unity.ProBuilder.KdTree", "Unity.ProBuilder.KdTree.csproj", "{D4CA446A-15CB-E638-D52D-44B1262F068F}"
EndProject
Project("{FAE04EC0-301F-11D3-BF4B-00C04F79EFBC}") = "Unity.Services.Core", "Unity.Services.Core.csproj", "{C7FB40D5-9BD1-1990-4994-FE21484CFE0B}"
EndProject
Project("{FAE04EC0-301F-11D3-BF4B-00C04F79EFBC}") = "Unity.Analytics.DataPrivacy", "Unity.Analytics.DataPrivacy.csproj", "{4AE82835-AC20-4D17-66DE-03C63C09C32B}"
EndProject
Project("{FAE04EC0-301F-11D3-BF4B-00C04F79EFBC}") = "UnityEngine.SpatialTracking", "UnityEngine.SpatialTracking.csproj", "{5F35C257-F8FE-5AEF-2BD5-2D3E9FC2DB21}"
EndProject
Project("{FAE04EC0-301F-11D3-BF4B-00C04F79EFBC}") = "Unity.Services.Core.Configuration", "Unity.Services.Core.Configuration.csproj", "{227528D5-43B4-0B3A-7AC6-E2957F0335AA}"
EndProject
Project("{FAE04EC0-301F-11D3-BF4B-00C04F79EFBC}") = "UnityEngine.Purchasing.Codeless", "UnityEngine.Purchasing.Codeless.csproj", "{1718FC88-970A-1444-3888-D80B16ACA8E9}"
EndProject
Project("{FAE04EC0-301F-11D3-BF4B-00C04F79EFBC}") = "Unity.ProBuilder.Stl", "Unity.ProBuilder.Stl.csproj", "{13EF9CCB-4B1B-6D12-5300-159656C9A58E}"
EndProject
Project("{FAE04EC0-301F-11D3-BF4B-00C04F79EFBC}") = "UnityEngine.Purchasing.AppleStub", "UnityEngine.Purchasing.AppleStub.csproj", "{5E42B79E-5DA5-57E0-A2FF-A6890D04F927}"
EndProject
Project("{FAE04EC0-301F-11D3-BF4B-00C04F79EFBC}") = "Unity.PlasticSCM.Editor", "Unity.PlasticSCM.Editor.csproj", "{6D528C96-5243-A964-92A3-78B71126BD4C}"
EndProject
Project("{FAE04EC0-301F-11D3-BF4B-00C04F79EFBC}") = "Unity.VisualStudio.Editor", "Unity.VisualStudio.Editor.csproj", "{745B00AA-80EF-CAFC-1A4D-CDA382C6C3E7}"
EndProject
Project("{FAE04EC0-301F-11D3-BF4B-00C04F79EFBC}") = "Unity.ProBuilder.Editor", "Unity.ProBuilder.Editor.csproj", "{C59988BC-8B23-1219-0312-323F5E5ED16F}"
EndProject
Project("{FAE04EC0-301F-11D3-BF4B-00C04F79EFBC}") = "Unity.Timeline.Editor", "Unity.Timeline.Editor.csproj", "{5915FC3F-6E77-4193-8B3D-443BBB8717B0}"
EndProject
Project("{FAE04EC0-301F-11D3-BF4B-00C04F79EFBC}") = "Unity.TextMeshPro.Editor", "Unity.TextMeshPro.Editor.csproj", "{84E3DEBF-A955-DA74-DE13-C4861FEE2C61}"
EndProject
Project("{FAE04EC0-301F-11D3-BF4B-00C04F79EFBC}") = "Unity.CollabProxy.Editor", "Unity.CollabProxy.Editor.csproj", "{8CF2C73D-D45F-0EFE-C968-1ECD6036A545}"
EndProject
Project("{FAE04EC0-301F-11D3-BF4B-00C04F79EFBC}") = "UnityEditor.TestRunner", "UnityEditor.TestRunner.csproj", "{913B742B-689B-E37E-ABA0-C9C69EC9D379}"
EndProject
Project("{FAE04EC0-301F-11D3-BF4B-00C04F79EFBC}") = "Unity.Postprocessing.Editor", "Unity.Postprocessing.Editor.csproj", "{70A89375-AAED-982F-B7FB-27B70041EFDC}"
EndProject
Project("{FAE04EC0-301F-11D3-BF4B-00C04F79EFBC}") = "Unity.Services.Core.Editor", "Unity.Services.Core.Editor.csproj", "{CF56A22D-A990-46A3-DCA1-A1B6A40356FF}"
EndProject
Project("{FAE04EC0-301F-11D3-BF4B-00C04F79EFBC}") = "UnityEngine.Advertisements.Editor", "UnityEngine.Advertisements.Editor.csproj", "{49C5451D-6902-D6F6-D220-837C2B9039D3}"
EndProject
Project("{FAE04EC0-301F-11D3-BF4B-00C04F79EFBC}") = "Unity.Rider.Editor", "Unity.Rider.Editor.csproj", "{4E47F96F-8A24-9FF2-8BA6-C1C20E23B7E4}"
EndProject
Project("{FAE04EC0-301F-11D3-BF4B-00C04F79EFBC}") = "UnityEngine.Advertisements.DevX.Editor", "UnityEngine.Advertisements.DevX.Editor.csproj", "{BA066128-FECB-F446-A039-4F92403AB5BF}"
EndProject
Project("{FAE04EC0-301F-11D3-BF4B-00C04F79EFBC}") = "Unity.ProGrids.Editor", "Unity.ProGrids.Editor.csproj", "{8FA0F9A0-A5E5-987A-BE46-C77B59AA120E}"
EndProject
Project("{FAE04EC0-301F-11D3-BF4B-00C04F79EFBC}") = "UnityEditor.Purchasing", "UnityEditor.Purchasing.csproj", "{796061AD-07D1-146B-64C6-FF52E40B83D7}"
EndProject
Project("{FAE04EC0-301F-11D3-BF4B-00C04F79EFBC}") = "Unity.2D.Tilemap.Editor", "Unity.2D.Tilemap.Editor.csproj", "{645FF188-1732-817C-D522-B972E92C4763}"
EndProject
Project("{FAE04EC0-301F-11D3-BF4B-00C04F79EFBC}") = "Unity.VSCode.Editor", "Unity.VSCode.Editor.csproj", "{F2FA6359-7D81-2785-E899-DC738B0BCDBC}"
EndProject
Project("{FAE04EC0-301F-11D3-BF4B-00C04F79EFBC}") = "Unity.ProBuilder.AssetIdRemapUtility", "Unity.ProBuilder.AssetIdRemapUtility.csproj", "{C520F25C-DA81-28DF-29EE-72FEB26CB055}"
EndProject
Project("{FAE04EC0-301F-11D3-BF4B-00C04F79EFBC}") = "Unity.2D.Sprite.Editor", "Unity.2D.Sprite.Editor.csproj", "{23C70C2E-092A-3ECA-1E4A-1C6C14059C62}"
EndProject
Project("{FAE04EC0-301F-11D3-BF4B-00C04F79EFBC}") = "UnityEditor.UI", "UnityEditor.UI.csproj", "{6D88D9F1-9CBE-22EE-62F1-AB7D8769DC30}"
EndProject
Project("{FAE04EC0-301F-11D3-BF4B-00C04F79EFBC}") = "Unity.Settings.Editor", "Unity.Settings.Editor.csproj", "{4FDAD2B7-0DD1-6EFB-BFEC-5CEACC9E421B}"
EndProject
Project("{FAE04EC0-301F-11D3-BF4B-00C04F79EFBC}") = "UnityEditor.SpatialTracking", "UnityEditor.SpatialTracking.csproj", "{BBD6EAA1-F470-A938-9118-B50E0A96D212}"
EndProject
Project("{FAE04EC0-301F-11D3-BF4B-00C04F79EFBC}") = "Unity.Services.Core.Configuration.Editor", "Unity.Services.Core.Configuration.Editor.csproj", "{E54E7B13-2929-17DE-8F1C-6373B9B40E94}"
EndProject
Project("{FAE04EC0-301F-11D3-BF4B-00C04F79EFBC}") = "UnityEditor.XR.LegacyInputHelpers", "UnityEditor.XR.LegacyInputHelpers.csproj", "{888F77F5-ECCE-B122-559E-E13DC9539374}"
EndProject
Project("{FAE04EC0-301F-11D3-BF4B-00C04F79EFBC}") = "Unity.Services.Analytics.Editor", "Unity.Services.Analytics.Editor.csproj", "{001DF07C-2220-F118-356E-F11956F080F7}"
EndProject
Project("{FAE04EC0-301F-11D3-BF4B-00C04F79EFBC}") = "Unity.ProBuilder.AddOns.Editor", "Unity.ProBuilder.AddOns.Editor.csproj", "{3FC66678-66F8-65E7-031E-F14EB43FCE6D}"
EndProject
Project("{FAE04EC0-301F-11D3-BF4B-00C04F79EFBC}") = "Analytics", "Analytics.csproj", "{6CCD6318-751F-FD92-56F8-A3FEECA64F4A}"
EndProject
Project("{FAE04EC0-301F-11D3-BF4B-00C04F79EFBC}") = "UnityEngine.UI", "UnityEngine.UI.Player.csproj", "{42765DBE-D0BD-713D-354F-59ED41DB4649}"
EndProject
Project("{FAE04EC0-301F-11D3-BF4B-00C04F79EFBC}") = "UnityEngine.TestRunner", "UnityEngine.TestRunner.Player.csproj", "{E4B9D3FD-D348-4677-C22A-059E68530875}"
EndProject
Project("{FAE04EC0-301F-11D3-BF4B-00C04F79EFBC}") = "UnityEngine.Purchasing.Stores", "UnityEngine.Purchasing.Stores.Player.csproj", "{FE0D3C32-73CF-AC94-186E-976EAE09BB47}"
EndProject
Project("{FAE04EC0-301F-11D3-BF4B-00C04F79EFBC}") = "Unity.Services.Analytics", "Unity.Services.Analytics.Player.csproj", "{14F5CD24-EB0C-FFC8-087B-597965CC9B72}"
EndProject
Project("{FAE04EC0-301F-11D3-BF4B-00C04F79EFBC}") = "Unity.Services.Core.Telemetry", "Unity.Services.Core.Telemetry.Player.csproj", "{EA2059F6-3C64-F1B5-7DB7-B39D26A84799}"
EndProject
Project("{FAE04EC0-301F-11D3-BF4B-00C04F79EFBC}") = "Unity.InputSystem", "Unity.InputSystem.Player.csproj", "{A5D2519E-F6A0-58BB-1758-9117EE0A6C76}"
EndProject
Project("{FAE04EC0-301F-11D3-BF4B-00C04F79EFBC}") = "Assembly-CSharp", "Assembly-CSharp.Player.csproj", "{195F2307-3EDB-2E47-CEE2-9B166DE32B11}"
EndProject
Project("{FAE04EC0-301F-11D3-BF4B-00C04F79EFBC}") = "UnityEngine.Purchasing.WinRTCore", "UnityEngine.Purchasing.WinRTCore.Player.csproj", "{7AE349B1-FB46-8885-9871-90F1D1739018}"
EndProject
Project("{FAE04EC0-301F-11D3-BF4B-00C04F79EFBC}") = "Unity.Postprocessing.Runtime", "Unity.Postprocessing.Runtime.Player.csproj", "{3C1D0FA0-7F10-DE47-4BAE-DC3A34821C45}"
EndProject
Project("{FAE04EC0-301F-11D3-BF4B-00C04F79EFBC}") = "UnityEngine.XR.LegacyInputHelpers", "UnityEngine.XR.LegacyInputHelpers.Player.csproj", "{63692303-77C3-AE30-1E46-A752553BCA0D}"
EndProject
Project("{FAE04EC0-301F-11D3-BF4B-00C04F79EFBC}") = "UnityEngine.Monetization", "UnityEngine.Monetization.Player.csproj", "{7D05A51D-84ED-2A65-3144-105D471DDD65}"
EndProject
Project("{FAE04EC0-301F-11D3-BF4B-00C04F79EFBC}") = "UnityEngine.Purchasing.AppleCore", "UnityEngine.Purchasing.AppleCore.Player.csproj", "{52C81B9A-DE0F-31BF-60DA-0FAC4461A537}"
EndProject
Project("{FAE04EC0-301F-11D3-BF4B-00C04F79EFBC}") = "Unity.Services.Core.Environments.Internal", "Unity.Services.Core.Environments.Internal.Player.csproj", "{DB2B512B-6806-11AF-DDF5-48DAB1666002}"
EndProject
Project("{FAE04EC0-301F-11D3-BF4B-00C04F79EFBC}") = "Unity.TextMeshPro", "Unity.TextMeshPro.Player.csproj", "{28A7CCC4-3DC1-F99F-B625-08CF572E1D21}"
EndProject
Project("{FAE04EC0-301F-11D3-BF4B-00C04F79EFBC}") = "UnityEngine.Advertisements", "UnityEngine.Advertisements.Player.csproj", "{F7933C77-3622-7D4E-7C14-A4D272A4827E}"
EndProject
Project("{FAE04EC0-301F-11D3-BF4B-00C04F79EFBC}") = "Unity.ProBuilder.Poly2Tri", "Unity.ProBuilder.Poly2Tri.Player.csproj", "{31225549-4687-E235-6674-1315E279B98D}"
EndProject
Project("{FAE04EC0-301F-11D3-BF4B-00C04F79EFBC}") = "Unity.Timeline", "Unity.Timeline.Player.csproj", "{8C33FC12-3AE5-6765-BE4D-900827FF1FDC}"
EndProject
Project("{FAE04EC0-301F-11D3-BF4B-00C04F79EFBC}") = "Unity.ProBuilder", "Unity.ProBuilder.Player.csproj", "{7BD37286-1039-2134-AA30-42DBF92CBBC9}"
EndProject
Project("{FAE04EC0-301F-11D3-BF4B-00C04F79EFBC}") = "UnityEngine.Purchasing", "UnityEngine.Purchasing.Player.csproj", "{B1D6C43F-4589-D2F6-E094-91D4B1F01685}"
EndProject
Project("{FAE04EC0-301F-11D3-BF4B-00C04F79EFBC}") = "Unity.Services.Core.Environments", "Unity.Services.Core.Environments.Player.csproj", "{29B5A36B-2573-365D-6632-C462568A6A58}"
EndProject
Project("{FAE04EC0-301F-11D3-BF4B-00C04F79EFBC}") = "Unity.Services.Core.Internal", "Unity.Services.Core.Internal.Player.csproj", "{A817A6DB-4689-B1E8-DC23-5B7D8D1B68FC}"
EndProject
Project("{FAE04EC0-301F-11D3-BF4B-00C04F79EFBC}") = "Unity.Services.Core.Analytics", "Unity.Services.Core.Analytics.Player.csproj", "{8466BDA7-A85D-BFAD-7BC8-63A130C68D69}"
EndProject
Project("{FAE04EC0-301F-11D3-BF4B-00C04F79EFBC}") = "UnityEngine.Purchasing.SecurityStub", "UnityEngine.Purchasing.SecurityStub.Player.csproj", "{6D889C44-6C81-04A7-8473-6F40013D1EB8}"
EndProject
Project("{FAE04EC0-301F-11D3-BF4B-00C04F79EFBC}") = "Unity.ProGrids", "Unity.ProGrids.Player.csproj", "{6643AFA7-7812-3976-6A96-7CA56F7470D3}"
EndProject
Project("{FAE04EC0-301F-11D3-BF4B-00C04F79EFBC}") = "Unity.ProBuilder.Csg", "Unity.ProBuilder.Csg.Player.csproj", "{E0AAE63A-D5EF-C3C2-B02F-CB407A498A41}"
EndProject
Project("{FAE04EC0-301F-11D3-BF4B-00C04F79EFBC}") = "Unity.Services.Core.Scheduler", "Unity.Services.Core.Scheduler.Player.csproj", "{E6A5986E-68F1-49BF-8817-7261C9D558D1}"
EndProject
Project("{FAE04EC0-301F-11D3-BF4B-00C04F79EFBC}") = "Purchasing.Common", "Purchasing.Common.Player.csproj", "{1AC5F0B7-6C77-0376-A44C-62A53FC3E01A}"
EndProject
Project("{FAE04EC0-301F-11D3-BF4B-00C04F79EFBC}") = "Unity.Services.Core.Registration", "Unity.Services.Core.Registration.Player.csproj", "{F8C81B54-BCC3-D357-AFDB-442E29B05C00}"
EndProject
Project("{FAE04EC0-301F-11D3-BF4B-00C04F79EFBC}") = "Unity.Services.Core.Device", "Unity.Services.Core.Device.Player.csproj", "{57C0CC83-8D8F-52A3-59EF-E9E9FDC49F0D}"
EndProject
Project("{FAE04EC0-301F-11D3-BF4B-00C04F79EFBC}") = "UnityEngine.Purchasing.SecurityCore", "UnityEngine.Purchasing.SecurityCore.Player.csproj", "{7CBF7B18-480C-6306-F386-A632221D9B31}"
EndProject
Project("{FAE04EC0-301F-11D3-BF4B-00C04F79EFBC}") = "UnityEngine.Purchasing.WinRTStub", "UnityEngine.Purchasing.WinRTStub.Player.csproj", "{462550CC-B459-1238-FC39-BC9C2EBEF5F4}"
EndProject
Project("{FAE04EC0-301F-11D3-BF4B-00C04F79EFBC}") = "Unity.Services.Core.Threading", "Unity.Services.Core.Threading.Player.csproj", "{D9E5F070-56D9-3522-15AE-627227DA17E3}"
EndProject
Project("{FAE04EC0-301F-11D3-BF4B-00C04F79EFBC}") = "Unity.Services.Core.Networking", "Unity.Services.Core.Networking.Player.csproj", "{A7D09EB6-5D2D-2964-6933-8DD1D96F9BC5}"
EndProject
Project("{FAE04EC0-301F-11D3-BF4B-00C04F79EFBC}") = "UnityEngine.Purchasing.AppleMacosStub", "UnityEngine.Purchasing.AppleMacosStub.Player.csproj", "{C5D668E1-6AC3-5B55-019D-C80F3427CC3C}"
EndProject
Project("{FAE04EC0-301F-11D3-BF4B-00C04F79EFBC}") = "Unity.ProBuilder.KdTree", "Unity.ProBuilder.KdTree.Player.csproj", "{1F78E169-1434-CAB6-F645-352102EC6140}"
EndProject
Project("{FAE04EC0-301F-11D3-BF4B-00C04F79EFBC}") = "Unity.Services.Core", "Unity.Services.Core.Player.csproj", "{5AD88383-789A-336A-326F-04A83EB77F3F}"
EndProject
Project("{FAE04EC0-301F-11D3-BF4B-00C04F79EFBC}") = "Unity.Analytics.DataPrivacy", "Unity.Analytics.DataPrivacy.Player.csproj", "{AE30AA60-A95A-A65D-DFBF-362C6206E360}"
EndProject
Project("{FAE04EC0-301F-11D3-BF4B-00C04F79EFBC}") = "UnityEngine.SpatialTracking", "UnityEngine.SpatialTracking.Player.csproj", "{77F92B46-D22C-516B-7D08-6DA4B1F973E0}"
EndProject
Project("{FAE04EC0-301F-11D3-BF4B-00C04F79EFBC}") = "Unity.Services.Core.Configuration", "Unity.Services.Core.Configuration.Player.csproj", "{A4445516-0A72-FD98-40BA-20858A646870}"
EndProject
Project("{FAE04EC0-301F-11D3-BF4B-00C04F79EFBC}") = "UnityEngine.Purchasing.Codeless", "UnityEngine.Purchasing.Codeless.Player.csproj", "{456F2A57-F941-31BB-8B61-709B55D6E5DD}"
EndProject
Project("{FAE04EC0-301F-11D3-BF4B-00C04F79EFBC}") = "Unity.ProBuilder.Stl", "Unity.ProBuilder.Stl.Player.csproj", "{763E0170-72D1-EA9F-0740-1410E12CA708}"
EndProject
Project("{FAE04EC0-301F-11D3-BF4B-00C04F79EFBC}") = "UnityEngine.Purchasing.AppleStub", "UnityEngine.Purchasing.AppleStub.Player.csproj", "{8D65C8B3-112C-C081-527D-0935E31BD224}"
EndProject
Global
	GlobalSection(SolutionConfigurationPlatforms) = preSolution
		Debug|Any CPU = Debug|Any CPU
		Release|Any CPU = Release|Any CPU
	EndGlobalSection
	GlobalSection(ProjectConfigurationPlatforms) = postSolution
		{D04307D6-A264-82DA-DA61-003196DB8069}.Debug|Any CPU.ActiveCfg = Debug|Any CPU
		{D04307D6-A264-82DA-DA61-003196DB8069}.Debug|Any CPU.Build.0 = Debug|Any CPU
		{D04307D6-A264-82DA-DA61-003196DB8069}.Release|Any CPU.ActiveCfg = Release|Any CPU
		{D04307D6-A264-82DA-DA61-003196DB8069}.Release|Any CPU.Build.0 = Release|Any CPU
		{6A768E17-6881-84C5-0092-9C11BE3B1449}.Debug|Any CPU.ActiveCfg = Debug|Any CPU
		{6A768E17-6881-84C5-0092-9C11BE3B1449}.Debug|Any CPU.Build.0 = Debug|Any CPU
		{6A768E17-6881-84C5-0092-9C11BE3B1449}.Release|Any CPU.ActiveCfg = Release|Any CPU
		{6A768E17-6881-84C5-0092-9C11BE3B1449}.Release|Any CPU.Build.0 = Release|Any CPU
		{B4E05AC2-B17C-5EBD-6B92-DB74C4B57511}.Debug|Any CPU.ActiveCfg = Debug|Any CPU
		{B4E05AC2-B17C-5EBD-6B92-DB74C4B57511}.Debug|Any CPU.Build.0 = Debug|Any CPU
		{B4E05AC2-B17C-5EBD-6B92-DB74C4B57511}.Release|Any CPU.ActiveCfg = Release|Any CPU
		{B4E05AC2-B17C-5EBD-6B92-DB74C4B57511}.Release|Any CPU.Build.0 = Release|Any CPU
		{B808EF8A-8B60-213E-84A0-337C617EEFDF}.Debug|Any CPU.ActiveCfg = Debug|Any CPU
		{B808EF8A-8B60-213E-84A0-337C617EEFDF}.Debug|Any CPU.Build.0 = Debug|Any CPU
		{B808EF8A-8B60-213E-84A0-337C617EEFDF}.Release|Any CPU.ActiveCfg = Release|Any CPU
		{B808EF8A-8B60-213E-84A0-337C617EEFDF}.Release|Any CPU.Build.0 = Release|Any CPU
		{C48422EC-A843-FDD4-4CF1-7F3B57F8CC0E}.Debug|Any CPU.ActiveCfg = Debug|Any CPU
		{C48422EC-A843-FDD4-4CF1-7F3B57F8CC0E}.Debug|Any CPU.Build.0 = Debug|Any CPU
		{C48422EC-A843-FDD4-4CF1-7F3B57F8CC0E}.Release|Any CPU.ActiveCfg = Release|Any CPU
		{C48422EC-A843-FDD4-4CF1-7F3B57F8CC0E}.Release|Any CPU.Build.0 = Release|Any CPU
		{49E44ECF-31B6-38CC-C879-D82D72ABD7C8}.Debug|Any CPU.ActiveCfg = Debug|Any CPU
		{49E44ECF-31B6-38CC-C879-D82D72ABD7C8}.Debug|Any CPU.Build.0 = Debug|Any CPU
		{49E44ECF-31B6-38CC-C879-D82D72ABD7C8}.Release|Any CPU.ActiveCfg = Release|Any CPU
		{49E44ECF-31B6-38CC-C879-D82D72ABD7C8}.Release|Any CPU.Build.0 = Release|Any CPU
		{DDFBC18F-9396-3137-9CFE-DEB2CDB74636}.Debug|Any CPU.ActiveCfg = Debug|Any CPU
		{DDFBC18F-9396-3137-9CFE-DEB2CDB74636}.Debug|Any CPU.Build.0 = Debug|Any CPU
		{DDFBC18F-9396-3137-9CFE-DEB2CDB74636}.Release|Any CPU.ActiveCfg = Release|Any CPU
		{DDFBC18F-9396-3137-9CFE-DEB2CDB74636}.Release|Any CPU.Build.0 = Release|Any CPU
		{B74F4EDA-0D53-B599-F353-3C2A9F852085}.Debug|Any CPU.ActiveCfg = Debug|Any CPU
		{B74F4EDA-0D53-B599-F353-3C2A9F852085}.Debug|Any CPU.Build.0 = Debug|Any CPU
		{B74F4EDA-0D53-B599-F353-3C2A9F852085}.Release|Any CPU.ActiveCfg = Release|Any CPU
		{B74F4EDA-0D53-B599-F353-3C2A9F852085}.Release|Any CPU.Build.0 = Release|Any CPU
		{D4A55453-8037-32B1-0729-BC0A5605F996}.Debug|Any CPU.ActiveCfg = Debug|Any CPU
		{D4A55453-8037-32B1-0729-BC0A5605F996}.Debug|Any CPU.Build.0 = Debug|Any CPU
		{D4A55453-8037-32B1-0729-BC0A5605F996}.Release|Any CPU.ActiveCfg = Release|Any CPU
		{D4A55453-8037-32B1-0729-BC0A5605F996}.Release|Any CPU.Build.0 = Release|Any CPU
		{73510B86-2AEB-268A-17F9-F4E23C774079}.Debug|Any CPU.ActiveCfg = Debug|Any CPU
		{73510B86-2AEB-268A-17F9-F4E23C774079}.Debug|Any CPU.Build.0 = Debug|Any CPU
		{73510B86-2AEB-268A-17F9-F4E23C774079}.Release|Any CPU.ActiveCfg = Release|Any CPU
		{73510B86-2AEB-268A-17F9-F4E23C774079}.Release|Any CPU.Build.0 = Release|Any CPU
		{88409D30-C788-F8B3-3637-7412C34F63A7}.Debug|Any CPU.ActiveCfg = Debug|Any CPU
		{88409D30-C788-F8B3-3637-7412C34F63A7}.Debug|Any CPU.Build.0 = Debug|Any CPU
		{88409D30-C788-F8B3-3637-7412C34F63A7}.Release|Any CPU.ActiveCfg = Release|Any CPU
		{88409D30-C788-F8B3-3637-7412C34F63A7}.Release|Any CPU.Build.0 = Release|Any CPU
		{AA0FE9AB-1594-DBD2-B68B-419D2A8E7102}.Debug|Any CPU.ActiveCfg = Debug|Any CPU
		{AA0FE9AB-1594-DBD2-B68B-419D2A8E7102}.Debug|Any CPU.Build.0 = Debug|Any CPU
		{AA0FE9AB-1594-DBD2-B68B-419D2A8E7102}.Release|Any CPU.ActiveCfg = Release|Any CPU
		{AA0FE9AB-1594-DBD2-B68B-419D2A8E7102}.Release|Any CPU.Build.0 = Release|Any CPU
		{4E31A882-6B55-6D6B-E367-4F08CBFE67EF}.Debug|Any CPU.ActiveCfg = Debug|Any CPU
		{4E31A882-6B55-6D6B-E367-4F08CBFE67EF}.Debug|Any CPU.Build.0 = Debug|Any CPU
		{4E31A882-6B55-6D6B-E367-4F08CBFE67EF}.Release|Any CPU.ActiveCfg = Release|Any CPU
		{4E31A882-6B55-6D6B-E367-4F08CBFE67EF}.Release|Any CPU.Build.0 = Release|Any CPU
		{6937D9FB-8FCD-C0F6-BE4F-4A48C1459CBD}.Debug|Any CPU.ActiveCfg = Debug|Any CPU
		{6937D9FB-8FCD-C0F6-BE4F-4A48C1459CBD}.Debug|Any CPU.Build.0 = Debug|Any CPU
		{6937D9FB-8FCD-C0F6-BE4F-4A48C1459CBD}.Release|Any CPU.ActiveCfg = Release|Any CPU
		{6937D9FB-8FCD-C0F6-BE4F-4A48C1459CBD}.Release|Any CPU.Build.0 = Release|Any CPU
		{CCA14052-7FA9-E5E4-A4A0-374A636DB141}.Debug|Any CPU.ActiveCfg = Debug|Any CPU
		{CCA14052-7FA9-E5E4-A4A0-374A636DB141}.Debug|Any CPU.Build.0 = Debug|Any CPU
		{CCA14052-7FA9-E5E4-A4A0-374A636DB141}.Release|Any CPU.ActiveCfg = Release|Any CPU
		{CCA14052-7FA9-E5E4-A4A0-374A636DB141}.Release|Any CPU.Build.0 = Release|Any CPU
		{8FD1D8E6-E08E-EA25-7A48-EF70E43A7F18}.Debug|Any CPU.ActiveCfg = Debug|Any CPU
		{8FD1D8E6-E08E-EA25-7A48-EF70E43A7F18}.Debug|Any CPU.Build.0 = Debug|Any CPU
		{8FD1D8E6-E08E-EA25-7A48-EF70E43A7F18}.Release|Any CPU.ActiveCfg = Release|Any CPU
		{8FD1D8E6-E08E-EA25-7A48-EF70E43A7F18}.Release|Any CPU.Build.0 = Release|Any CPU
		{4542AE01-05D2-F1EB-4DFE-A328E69A0DDC}.Debug|Any CPU.ActiveCfg = Debug|Any CPU
		{4542AE01-05D2-F1EB-4DFE-A328E69A0DDC}.Debug|Any CPU.Build.0 = Debug|Any CPU
		{4542AE01-05D2-F1EB-4DFE-A328E69A0DDC}.Release|Any CPU.ActiveCfg = Release|Any CPU
		{4542AE01-05D2-F1EB-4DFE-A328E69A0DDC}.Release|Any CPU.Build.0 = Release|Any CPU
		{D9929062-AF1A-2054-7313-28DC433641BF}.Debug|Any CPU.ActiveCfg = Debug|Any CPU
		{D9929062-AF1A-2054-7313-28DC433641BF}.Debug|Any CPU.Build.0 = Debug|Any CPU
		{D9929062-AF1A-2054-7313-28DC433641BF}.Release|Any CPU.ActiveCfg = Release|Any CPU
		{D9929062-AF1A-2054-7313-28DC433641BF}.Release|Any CPU.Build.0 = Release|Any CPU
		{B8404B9D-E101-D220-E34F-E8D6284F6FAD}.Debug|Any CPU.ActiveCfg = Debug|Any CPU
		{B8404B9D-E101-D220-E34F-E8D6284F6FAD}.Debug|Any CPU.Build.0 = Debug|Any CPU
		{B8404B9D-E101-D220-E34F-E8D6284F6FAD}.Release|Any CPU.ActiveCfg = Release|Any CPU
		{B8404B9D-E101-D220-E34F-E8D6284F6FAD}.Release|Any CPU.Build.0 = Release|Any CPU
		{D2FBDDCA-C958-9108-4FAC-A359249A0C02}.Debug|Any CPU.ActiveCfg = Debug|Any CPU
		{D2FBDDCA-C958-9108-4FAC-A359249A0C02}.Debug|Any CPU.Build.0 = Debug|Any CPU
		{D2FBDDCA-C958-9108-4FAC-A359249A0C02}.Release|Any CPU.ActiveCfg = Release|Any CPU
		{D2FBDDCA-C958-9108-4FAC-A359249A0C02}.Release|Any CPU.Build.0 = Release|Any CPU
		{7FB2EBE8-9ABE-FBE0-7EF0-876581E9B25C}.Debug|Any CPU.ActiveCfg = Debug|Any CPU
		{7FB2EBE8-9ABE-FBE0-7EF0-876581E9B25C}.Debug|Any CPU.Build.0 = Debug|Any CPU
		{7FB2EBE8-9ABE-FBE0-7EF0-876581E9B25C}.Release|Any CPU.ActiveCfg = Release|Any CPU
		{7FB2EBE8-9ABE-FBE0-7EF0-876581E9B25C}.Release|Any CPU.Build.0 = Release|Any CPU
		{E736FC02-ADCF-0D14-35EE-00C2C4436563}.Debug|Any CPU.ActiveCfg = Debug|Any CPU
		{E736FC02-ADCF-0D14-35EE-00C2C4436563}.Debug|Any CPU.Build.0 = Debug|Any CPU
		{E736FC02-ADCF-0D14-35EE-00C2C4436563}.Release|Any CPU.ActiveCfg = Release|Any CPU
		{E736FC02-ADCF-0D14-35EE-00C2C4436563}.Release|Any CPU.Build.0 = Release|Any CPU
		{62FFC39D-DBB7-8BDF-7D82-2FFACBE2C32C}.Debug|Any CPU.ActiveCfg = Debug|Any CPU
		{62FFC39D-DBB7-8BDF-7D82-2FFACBE2C32C}.Debug|Any CPU.Build.0 = Debug|Any CPU
		{62FFC39D-DBB7-8BDF-7D82-2FFACBE2C32C}.Release|Any CPU.ActiveCfg = Release|Any CPU
		{62FFC39D-DBB7-8BDF-7D82-2FFACBE2C32C}.Release|Any CPU.Build.0 = Release|Any CPU
		{E0740C36-F81A-5DE4-3E52-FEC1AA2414B8}.Debug|Any CPU.ActiveCfg = Debug|Any CPU
		{E0740C36-F81A-5DE4-3E52-FEC1AA2414B8}.Debug|Any CPU.Build.0 = Debug|Any CPU
		{E0740C36-F81A-5DE4-3E52-FEC1AA2414B8}.Release|Any CPU.ActiveCfg = Release|Any CPU
		{E0740C36-F81A-5DE4-3E52-FEC1AA2414B8}.Release|Any CPU.Build.0 = Release|Any CPU
		{91475FD9-9AFB-08DE-76B8-D3407D76E941}.Debug|Any CPU.ActiveCfg = Debug|Any CPU
		{91475FD9-9AFB-08DE-76B8-D3407D76E941}.Debug|Any CPU.Build.0 = Debug|Any CPU
		{91475FD9-9AFB-08DE-76B8-D3407D76E941}.Release|Any CPU.ActiveCfg = Release|Any CPU
		{91475FD9-9AFB-08DE-76B8-D3407D76E941}.Release|Any CPU.Build.0 = Release|Any CPU
		{7DB1069F-E9FE-ECF6-661F-CCEDA73CFADE}.Debug|Any CPU.ActiveCfg = Debug|Any CPU
		{7DB1069F-E9FE-ECF6-661F-CCEDA73CFADE}.Debug|Any CPU.Build.0 = Debug|Any CPU
		{7DB1069F-E9FE-ECF6-661F-CCEDA73CFADE}.Release|Any CPU.ActiveCfg = Release|Any CPU
		{7DB1069F-E9FE-ECF6-661F-CCEDA73CFADE}.Release|Any CPU.Build.0 = Release|Any CPU
		{FA5390B8-14BD-B05B-9F90-36A498F22E6D}.Debug|Any CPU.ActiveCfg = Debug|Any CPU
		{FA5390B8-14BD-B05B-9F90-36A498F22E6D}.Debug|Any CPU.Build.0 = Debug|Any CPU
		{FA5390B8-14BD-B05B-9F90-36A498F22E6D}.Release|Any CPU.ActiveCfg = Release|Any CPU
		{FA5390B8-14BD-B05B-9F90-36A498F22E6D}.Release|Any CPU.Build.0 = Release|Any CPU
		{5750FC1E-055C-0354-C959-42549A27EF37}.Debug|Any CPU.ActiveCfg = Debug|Any CPU
		{5750FC1E-055C-0354-C959-42549A27EF37}.Debug|Any CPU.Build.0 = Debug|Any CPU
		{5750FC1E-055C-0354-C959-42549A27EF37}.Release|Any CPU.ActiveCfg = Release|Any CPU
		{5750FC1E-055C-0354-C959-42549A27EF37}.Release|Any CPU.Build.0 = Release|Any CPU
		{465F2AC8-DD51-2D4F-105E-7E207D2137C7}.Debug|Any CPU.ActiveCfg = Debug|Any CPU
		{465F2AC8-DD51-2D4F-105E-7E207D2137C7}.Debug|Any CPU.Build.0 = Debug|Any CPU
		{465F2AC8-DD51-2D4F-105E-7E207D2137C7}.Release|Any CPU.ActiveCfg = Release|Any CPU
		{465F2AC8-DD51-2D4F-105E-7E207D2137C7}.Release|Any CPU.Build.0 = Release|Any CPU
		{9714CC21-663A-1992-4227-183680612091}.Debug|Any CPU.ActiveCfg = Debug|Any CPU
		{9714CC21-663A-1992-4227-183680612091}.Debug|Any CPU.Build.0 = Debug|Any CPU
		{9714CC21-663A-1992-4227-183680612091}.Release|Any CPU.ActiveCfg = Release|Any CPU
		{9714CC21-663A-1992-4227-183680612091}.Release|Any CPU.Build.0 = Release|Any CPU
		{E0EE0A53-662D-AF33-B568-CCF2A0097F9F}.Debug|Any CPU.ActiveCfg = Debug|Any CPU
		{E0EE0A53-662D-AF33-B568-CCF2A0097F9F}.Debug|Any CPU.Build.0 = Debug|Any CPU
		{E0EE0A53-662D-AF33-B568-CCF2A0097F9F}.Release|Any CPU.ActiveCfg = Release|Any CPU
		{E0EE0A53-662D-AF33-B568-CCF2A0097F9F}.Release|Any CPU.Build.0 = Release|Any CPU
		{F1C159F4-B2E3-4198-2C40-CD81C9E73FDC}.Debug|Any CPU.ActiveCfg = Debug|Any CPU
		{F1C159F4-B2E3-4198-2C40-CD81C9E73FDC}.Debug|Any CPU.Build.0 = Debug|Any CPU
		{F1C159F4-B2E3-4198-2C40-CD81C9E73FDC}.Release|Any CPU.ActiveCfg = Release|Any CPU
		{F1C159F4-B2E3-4198-2C40-CD81C9E73FDC}.Release|Any CPU.Build.0 = Release|Any CPU
		{C085E764-BEE5-A5A9-836C-4802211AD3BC}.Debug|Any CPU.ActiveCfg = Debug|Any CPU
		{C085E764-BEE5-A5A9-836C-4802211AD3BC}.Debug|Any CPU.Build.0 = Debug|Any CPU
		{C085E764-BEE5-A5A9-836C-4802211AD3BC}.Release|Any CPU.ActiveCfg = Release|Any CPU
		{C085E764-BEE5-A5A9-836C-4802211AD3BC}.Release|Any CPU.Build.0 = Release|Any CPU
		{200DC471-1AC2-867D-EAAC-E337ACEA236B}.Debug|Any CPU.ActiveCfg = Debug|Any CPU
		{200DC471-1AC2-867D-EAAC-E337ACEA236B}.Debug|Any CPU.Build.0 = Debug|Any CPU
		{200DC471-1AC2-867D-EAAC-E337ACEA236B}.Release|Any CPU.ActiveCfg = Release|Any CPU
		{200DC471-1AC2-867D-EAAC-E337ACEA236B}.Release|Any CPU.Build.0 = Release|Any CPU
		{D4CA446A-15CB-E638-D52D-44B1262F068F}.Debug|Any CPU.ActiveCfg = Debug|Any CPU
		{D4CA446A-15CB-E638-D52D-44B1262F068F}.Debug|Any CPU.Build.0 = Debug|Any CPU
		{D4CA446A-15CB-E638-D52D-44B1262F068F}.Release|Any CPU.ActiveCfg = Release|Any CPU
		{D4CA446A-15CB-E638-D52D-44B1262F068F}.Release|Any CPU.Build.0 = Release|Any CPU
		{C7FB40D5-9BD1-1990-4994-FE21484CFE0B}.Debug|Any CPU.ActiveCfg = Debug|Any CPU
		{C7FB40D5-9BD1-1990-4994-FE21484CFE0B}.Debug|Any CPU.Build.0 = Debug|Any CPU
		{C7FB40D5-9BD1-1990-4994-FE21484CFE0B}.Release|Any CPU.ActiveCfg = Release|Any CPU
		{C7FB40D5-9BD1-1990-4994-FE21484CFE0B}.Release|Any CPU.Build.0 = Release|Any CPU
		{4AE82835-AC20-4D17-66DE-03C63C09C32B}.Debug|Any CPU.ActiveCfg = Debug|Any CPU
		{4AE82835-AC20-4D17-66DE-03C63C09C32B}.Debug|Any CPU.Build.0 = Debug|Any CPU
		{4AE82835-AC20-4D17-66DE-03C63C09C32B}.Release|Any CPU.ActiveCfg = Release|Any CPU
		{4AE82835-AC20-4D17-66DE-03C63C09C32B}.Release|Any CPU.Build.0 = Release|Any CPU
		{5F35C257-F8FE-5AEF-2BD5-2D3E9FC2DB21}.Debug|Any CPU.ActiveCfg = Debug|Any CPU
		{5F35C257-F8FE-5AEF-2BD5-2D3E9FC2DB21}.Debug|Any CPU.Build.0 = Debug|Any CPU
		{5F35C257-F8FE-5AEF-2BD5-2D3E9FC2DB21}.Release|Any CPU.ActiveCfg = Release|Any CPU
		{5F35C257-F8FE-5AEF-2BD5-2D3E9FC2DB21}.Release|Any CPU.Build.0 = Release|Any CPU
		{227528D5-43B4-0B3A-7AC6-E2957F0335AA}.Debug|Any CPU.ActiveCfg = Debug|Any CPU
		{227528D5-43B4-0B3A-7AC6-E2957F0335AA}.Debug|Any CPU.Build.0 = Debug|Any CPU
		{227528D5-43B4-0B3A-7AC6-E2957F0335AA}.Release|Any CPU.ActiveCfg = Release|Any CPU
		{227528D5-43B4-0B3A-7AC6-E2957F0335AA}.Release|Any CPU.Build.0 = Release|Any CPU
		{1718FC88-970A-1444-3888-D80B16ACA8E9}.Debug|Any CPU.ActiveCfg = Debug|Any CPU
		{1718FC88-970A-1444-3888-D80B16ACA8E9}.Debug|Any CPU.Build.0 = Debug|Any CPU
		{1718FC88-970A-1444-3888-D80B16ACA8E9}.Release|Any CPU.ActiveCfg = Release|Any CPU
		{1718FC88-970A-1444-3888-D80B16ACA8E9}.Release|Any CPU.Build.0 = Release|Any CPU
		{13EF9CCB-4B1B-6D12-5300-159656C9A58E}.Debug|Any CPU.ActiveCfg = Debug|Any CPU
		{13EF9CCB-4B1B-6D12-5300-159656C9A58E}.Debug|Any CPU.Build.0 = Debug|Any CPU
		{13EF9CCB-4B1B-6D12-5300-159656C9A58E}.Release|Any CPU.ActiveCfg = Release|Any CPU
		{13EF9CCB-4B1B-6D12-5300-159656C9A58E}.Release|Any CPU.Build.0 = Release|Any CPU
		{5E42B79E-5DA5-57E0-A2FF-A6890D04F927}.Debug|Any CPU.ActiveCfg = Debug|Any CPU
		{5E42B79E-5DA5-57E0-A2FF-A6890D04F927}.Debug|Any CPU.Build.0 = Debug|Any CPU
		{5E42B79E-5DA5-57E0-A2FF-A6890D04F927}.Release|Any CPU.ActiveCfg = Release|Any CPU
		{5E42B79E-5DA5-57E0-A2FF-A6890D04F927}.Release|Any CPU.Build.0 = Release|Any CPU
		{6D528C96-5243-A964-92A3-78B71126BD4C}.Debug|Any CPU.ActiveCfg = Debug|Any CPU
		{6D528C96-5243-A964-92A3-78B71126BD4C}.Debug|Any CPU.Build.0 = Debug|Any CPU
		{6D528C96-5243-A964-92A3-78B71126BD4C}.Release|Any CPU.ActiveCfg = Release|Any CPU
		{6D528C96-5243-A964-92A3-78B71126BD4C}.Release|Any CPU.Build.0 = Release|Any CPU
		{745B00AA-80EF-CAFC-1A4D-CDA382C6C3E7}.Debug|Any CPU.ActiveCfg = Debug|Any CPU
		{745B00AA-80EF-CAFC-1A4D-CDA382C6C3E7}.Debug|Any CPU.Build.0 = Debug|Any CPU
		{745B00AA-80EF-CAFC-1A4D-CDA382C6C3E7}.Release|Any CPU.ActiveCfg = Release|Any CPU
		{745B00AA-80EF-CAFC-1A4D-CDA382C6C3E7}.Release|Any CPU.Build.0 = Release|Any CPU
		{C59988BC-8B23-1219-0312-323F5E5ED16F}.Debug|Any CPU.ActiveCfg = Debug|Any CPU
		{C59988BC-8B23-1219-0312-323F5E5ED16F}.Debug|Any CPU.Build.0 = Debug|Any CPU
		{C59988BC-8B23-1219-0312-323F5E5ED16F}.Release|Any CPU.ActiveCfg = Release|Any CPU
		{C59988BC-8B23-1219-0312-323F5E5ED16F}.Release|Any CPU.Build.0 = Release|Any CPU
		{5915FC3F-6E77-4193-8B3D-443BBB8717B0}.Debug|Any CPU.ActiveCfg = Debug|Any CPU
		{5915FC3F-6E77-4193-8B3D-443BBB8717B0}.Debug|Any CPU.Build.0 = Debug|Any CPU
		{5915FC3F-6E77-4193-8B3D-443BBB8717B0}.Release|Any CPU.ActiveCfg = Release|Any CPU
		{5915FC3F-6E77-4193-8B3D-443BBB8717B0}.Release|Any CPU.Build.0 = Release|Any CPU
		{84E3DEBF-A955-DA74-DE13-C4861FEE2C61}.Debug|Any CPU.ActiveCfg = Debug|Any CPU
		{84E3DEBF-A955-DA74-DE13-C4861FEE2C61}.Debug|Any CPU.Build.0 = Debug|Any CPU
		{84E3DEBF-A955-DA74-DE13-C4861FEE2C61}.Release|Any CPU.ActiveCfg = Release|Any CPU
		{84E3DEBF-A955-DA74-DE13-C4861FEE2C61}.Release|Any CPU.Build.0 = Release|Any CPU
		{8CF2C73D-D45F-0EFE-C968-1ECD6036A545}.Debug|Any CPU.ActiveCfg = Debug|Any CPU
		{8CF2C73D-D45F-0EFE-C968-1ECD6036A545}.Debug|Any CPU.Build.0 = Debug|Any CPU
		{8CF2C73D-D45F-0EFE-C968-1ECD6036A545}.Release|Any CPU.ActiveCfg = Release|Any CPU
		{8CF2C73D-D45F-0EFE-C968-1ECD6036A545}.Release|Any CPU.Build.0 = Release|Any CPU
		{913B742B-689B-E37E-ABA0-C9C69EC9D379}.Debug|Any CPU.ActiveCfg = Debug|Any CPU
		{913B742B-689B-E37E-ABA0-C9C69EC9D379}.Debug|Any CPU.Build.0 = Debug|Any CPU
		{913B742B-689B-E37E-ABA0-C9C69EC9D379}.Release|Any CPU.ActiveCfg = Release|Any CPU
		{913B742B-689B-E37E-ABA0-C9C69EC9D379}.Release|Any CPU.Build.0 = Release|Any CPU
		{70A89375-AAED-982F-B7FB-27B70041EFDC}.Debug|Any CPU.ActiveCfg = Debug|Any CPU
		{70A89375-AAED-982F-B7FB-27B70041EFDC}.Debug|Any CPU.Build.0 = Debug|Any CPU
		{70A89375-AAED-982F-B7FB-27B70041EFDC}.Release|Any CPU.ActiveCfg = Release|Any CPU
		{70A89375-AAED-982F-B7FB-27B70041EFDC}.Release|Any CPU.Build.0 = Release|Any CPU
		{CF56A22D-A990-46A3-DCA1-A1B6A40356FF}.Debug|Any CPU.ActiveCfg = Debug|Any CPU
		{CF56A22D-A990-46A3-DCA1-A1B6A40356FF}.Debug|Any CPU.Build.0 = Debug|Any CPU
		{CF56A22D-A990-46A3-DCA1-A1B6A40356FF}.Release|Any CPU.ActiveCfg = Release|Any CPU
		{CF56A22D-A990-46A3-DCA1-A1B6A40356FF}.Release|Any CPU.Build.0 = Release|Any CPU
		{49C5451D-6902-D6F6-D220-837C2B9039D3}.Debug|Any CPU.ActiveCfg = Debug|Any CPU
		{49C5451D-6902-D6F6-D220-837C2B9039D3}.Debug|Any CPU.Build.0 = Debug|Any CPU
		{49C5451D-6902-D6F6-D220-837C2B9039D3}.Release|Any CPU.ActiveCfg = Release|Any CPU
		{49C5451D-6902-D6F6-D220-837C2B9039D3}.Release|Any CPU.Build.0 = Release|Any CPU
		{4E47F96F-8A24-9FF2-8BA6-C1C20E23B7E4}.Debug|Any CPU.ActiveCfg = Debug|Any CPU
		{4E47F96F-8A24-9FF2-8BA6-C1C20E23B7E4}.Debug|Any CPU.Build.0 = Debug|Any CPU
		{4E47F96F-8A24-9FF2-8BA6-C1C20E23B7E4}.Release|Any CPU.ActiveCfg = Release|Any CPU
		{4E47F96F-8A24-9FF2-8BA6-C1C20E23B7E4}.Release|Any CPU.Build.0 = Release|Any CPU
		{BA066128-FECB-F446-A039-4F92403AB5BF}.Debug|Any CPU.ActiveCfg = Debug|Any CPU
		{BA066128-FECB-F446-A039-4F92403AB5BF}.Debug|Any CPU.Build.0 = Debug|Any CPU
		{BA066128-FECB-F446-A039-4F92403AB5BF}.Release|Any CPU.ActiveCfg = Release|Any CPU
		{BA066128-FECB-F446-A039-4F92403AB5BF}.Release|Any CPU.Build.0 = Release|Any CPU
		{8FA0F9A0-A5E5-987A-BE46-C77B59AA120E}.Debug|Any CPU.ActiveCfg = Debug|Any CPU
		{8FA0F9A0-A5E5-987A-BE46-C77B59AA120E}.Debug|Any CPU.Build.0 = Debug|Any CPU
		{8FA0F9A0-A5E5-987A-BE46-C77B59AA120E}.Release|Any CPU.ActiveCfg = Release|Any CPU
		{8FA0F9A0-A5E5-987A-BE46-C77B59AA120E}.Release|Any CPU.Build.0 = Release|Any CPU
		{796061AD-07D1-146B-64C6-FF52E40B83D7}.Debug|Any CPU.ActiveCfg = Debug|Any CPU
		{796061AD-07D1-146B-64C6-FF52E40B83D7}.Debug|Any CPU.Build.0 = Debug|Any CPU
		{796061AD-07D1-146B-64C6-FF52E40B83D7}.Release|Any CPU.ActiveCfg = Release|Any CPU
		{796061AD-07D1-146B-64C6-FF52E40B83D7}.Release|Any CPU.Build.0 = Release|Any CPU
		{645FF188-1732-817C-D522-B972E92C4763}.Debug|Any CPU.ActiveCfg = Debug|Any CPU
		{645FF188-1732-817C-D522-B972E92C4763}.Debug|Any CPU.Build.0 = Debug|Any CPU
		{645FF188-1732-817C-D522-B972E92C4763}.Release|Any CPU.ActiveCfg = Release|Any CPU
		{645FF188-1732-817C-D522-B972E92C4763}.Release|Any CPU.Build.0 = Release|Any CPU
		{F2FA6359-7D81-2785-E899-DC738B0BCDBC}.Debug|Any CPU.ActiveCfg = Debug|Any CPU
		{F2FA6359-7D81-2785-E899-DC738B0BCDBC}.Debug|Any CPU.Build.0 = Debug|Any CPU
		{F2FA6359-7D81-2785-E899-DC738B0BCDBC}.Release|Any CPU.ActiveCfg = Release|Any CPU
		{F2FA6359-7D81-2785-E899-DC738B0BCDBC}.Release|Any CPU.Build.0 = Release|Any CPU
		{C520F25C-DA81-28DF-29EE-72FEB26CB055}.Debug|Any CPU.ActiveCfg = Debug|Any CPU
		{C520F25C-DA81-28DF-29EE-72FEB26CB055}.Debug|Any CPU.Build.0 = Debug|Any CPU
		{C520F25C-DA81-28DF-29EE-72FEB26CB055}.Release|Any CPU.ActiveCfg = Release|Any CPU
		{C520F25C-DA81-28DF-29EE-72FEB26CB055}.Release|Any CPU.Build.0 = Release|Any CPU
		{23C70C2E-092A-3ECA-1E4A-1C6C14059C62}.Debug|Any CPU.ActiveCfg = Debug|Any CPU
		{23C70C2E-092A-3ECA-1E4A-1C6C14059C62}.Debug|Any CPU.Build.0 = Debug|Any CPU
		{23C70C2E-092A-3ECA-1E4A-1C6C14059C62}.Release|Any CPU.ActiveCfg = Release|Any CPU
		{23C70C2E-092A-3ECA-1E4A-1C6C14059C62}.Release|Any CPU.Build.0 = Release|Any CPU
		{6D88D9F1-9CBE-22EE-62F1-AB7D8769DC30}.Debug|Any CPU.ActiveCfg = Debug|Any CPU
		{6D88D9F1-9CBE-22EE-62F1-AB7D8769DC30}.Debug|Any CPU.Build.0 = Debug|Any CPU
		{6D88D9F1-9CBE-22EE-62F1-AB7D8769DC30}.Release|Any CPU.ActiveCfg = Release|Any CPU
		{6D88D9F1-9CBE-22EE-62F1-AB7D8769DC30}.Release|Any CPU.Build.0 = Release|Any CPU
		{4FDAD2B7-0DD1-6EFB-BFEC-5CEACC9E421B}.Debug|Any CPU.ActiveCfg = Debug|Any CPU
		{4FDAD2B7-0DD1-6EFB-BFEC-5CEACC9E421B}.Debug|Any CPU.Build.0 = Debug|Any CPU
		{4FDAD2B7-0DD1-6EFB-BFEC-5CEACC9E421B}.Release|Any CPU.ActiveCfg = Release|Any CPU
		{4FDAD2B7-0DD1-6EFB-BFEC-5CEACC9E421B}.Release|Any CPU.Build.0 = Release|Any CPU
		{BBD6EAA1-F470-A938-9118-B50E0A96D212}.Debug|Any CPU.ActiveCfg = Debug|Any CPU
		{BBD6EAA1-F470-A938-9118-B50E0A96D212}.Debug|Any CPU.Build.0 = Debug|Any CPU
		{BBD6EAA1-F470-A938-9118-B50E0A96D212}.Release|Any CPU.ActiveCfg = Release|Any CPU
		{BBD6EAA1-F470-A938-9118-B50E0A96D212}.Release|Any CPU.Build.0 = Release|Any CPU
		{E54E7B13-2929-17DE-8F1C-6373B9B40E94}.Debug|Any CPU.ActiveCfg = Debug|Any CPU
		{E54E7B13-2929-17DE-8F1C-6373B9B40E94}.Debug|Any CPU.Build.0 = Debug|Any CPU
		{E54E7B13-2929-17DE-8F1C-6373B9B40E94}.Release|Any CPU.ActiveCfg = Release|Any CPU
		{E54E7B13-2929-17DE-8F1C-6373B9B40E94}.Release|Any CPU.Build.0 = Release|Any CPU
		{888F77F5-ECCE-B122-559E-E13DC9539374}.Debug|Any CPU.ActiveCfg = Debug|Any CPU
		{888F77F5-ECCE-B122-559E-E13DC9539374}.Debug|Any CPU.Build.0 = Debug|Any CPU
		{888F77F5-ECCE-B122-559E-E13DC9539374}.Release|Any CPU.ActiveCfg = Release|Any CPU
		{888F77F5-ECCE-B122-559E-E13DC9539374}.Release|Any CPU.Build.0 = Release|Any CPU
		{001DF07C-2220-F118-356E-F11956F080F7}.Debug|Any CPU.ActiveCfg = Debug|Any CPU
		{001DF07C-2220-F118-356E-F11956F080F7}.Debug|Any CPU.Build.0 = Debug|Any CPU
		{001DF07C-2220-F118-356E-F11956F080F7}.Release|Any CPU.ActiveCfg = Release|Any CPU
		{001DF07C-2220-F118-356E-F11956F080F7}.Release|Any CPU.Build.0 = Release|Any CPU
		{3FC66678-66F8-65E7-031E-F14EB43FCE6D}.Debug|Any CPU.ActiveCfg = Debug|Any CPU
		{3FC66678-66F8-65E7-031E-F14EB43FCE6D}.Debug|Any CPU.Build.0 = Debug|Any CPU
		{3FC66678-66F8-65E7-031E-F14EB43FCE6D}.Release|Any CPU.ActiveCfg = Release|Any CPU
		{3FC66678-66F8-65E7-031E-F14EB43FCE6D}.Release|Any CPU.Build.0 = Release|Any CPU
		{6CCD6318-751F-FD92-56F8-A3FEECA64F4A}.Debug|Any CPU.ActiveCfg = Debug|Any CPU
		{6CCD6318-751F-FD92-56F8-A3FEECA64F4A}.Debug|Any CPU.Build.0 = Debug|Any CPU
		{6CCD6318-751F-FD92-56F8-A3FEECA64F4A}.Release|Any CPU.ActiveCfg = Release|Any CPU
		{6CCD6318-751F-FD92-56F8-A3FEECA64F4A}.Release|Any CPU.Build.0 = Release|Any CPU
		{42765DBE-D0BD-713D-354F-59ED41DB4649}.Debug|Any CPU.ActiveCfg = Debug|Any CPU
		{42765DBE-D0BD-713D-354F-59ED41DB4649}.Debug|Any CPU.Build.0 = Debug|Any CPU
		{42765DBE-D0BD-713D-354F-59ED41DB4649}.Release|Any CPU.ActiveCfg = Release|Any CPU
		{42765DBE-D0BD-713D-354F-59ED41DB4649}.Release|Any CPU.Build.0 = Release|Any CPU
		{E4B9D3FD-D348-4677-C22A-059E68530875}.Debug|Any CPU.ActiveCfg = Debug|Any CPU
		{E4B9D3FD-D348-4677-C22A-059E68530875}.Debug|Any CPU.Build.0 = Debug|Any CPU
		{E4B9D3FD-D348-4677-C22A-059E68530875}.Release|Any CPU.ActiveCfg = Release|Any CPU
		{E4B9D3FD-D348-4677-C22A-059E68530875}.Release|Any CPU.Build.0 = Release|Any CPU
		{FE0D3C32-73CF-AC94-186E-976EAE09BB47}.Debug|Any CPU.ActiveCfg = Debug|Any CPU
		{FE0D3C32-73CF-AC94-186E-976EAE09BB47}.Debug|Any CPU.Build.0 = Debug|Any CPU
		{FE0D3C32-73CF-AC94-186E-976EAE09BB47}.Release|Any CPU.ActiveCfg = Release|Any CPU
		{FE0D3C32-73CF-AC94-186E-976EAE09BB47}.Release|Any CPU.Build.0 = Release|Any CPU
		{14F5CD24-EB0C-FFC8-087B-597965CC9B72}.Debug|Any CPU.ActiveCfg = Debug|Any CPU
		{14F5CD24-EB0C-FFC8-087B-597965CC9B72}.Debug|Any CPU.Build.0 = Debug|Any CPU
		{14F5CD24-EB0C-FFC8-087B-597965CC9B72}.Release|Any CPU.ActiveCfg = Release|Any CPU
		{14F5CD24-EB0C-FFC8-087B-597965CC9B72}.Release|Any CPU.Build.0 = Release|Any CPU
		{EA2059F6-3C64-F1B5-7DB7-B39D26A84799}.Debug|Any CPU.ActiveCfg = Debug|Any CPU
		{EA2059F6-3C64-F1B5-7DB7-B39D26A84799}.Debug|Any CPU.Build.0 = Debug|Any CPU
		{EA2059F6-3C64-F1B5-7DB7-B39D26A84799}.Release|Any CPU.ActiveCfg = Release|Any CPU
		{EA2059F6-3C64-F1B5-7DB7-B39D26A84799}.Release|Any CPU.Build.0 = Release|Any CPU
		{A5D2519E-F6A0-58BB-1758-9117EE0A6C76}.Debug|Any CPU.ActiveCfg = Debug|Any CPU
		{A5D2519E-F6A0-58BB-1758-9117EE0A6C76}.Debug|Any CPU.Build.0 = Debug|Any CPU
		{A5D2519E-F6A0-58BB-1758-9117EE0A6C76}.Release|Any CPU.ActiveCfg = Release|Any CPU
		{A5D2519E-F6A0-58BB-1758-9117EE0A6C76}.Release|Any CPU.Build.0 = Release|Any CPU
		{195F2307-3EDB-2E47-CEE2-9B166DE32B11}.Debug|Any CPU.ActiveCfg = Debug|Any CPU
		{195F2307-3EDB-2E47-CEE2-9B166DE32B11}.Debug|Any CPU.Build.0 = Debug|Any CPU
		{195F2307-3EDB-2E47-CEE2-9B166DE32B11}.Release|Any CPU.ActiveCfg = Release|Any CPU
		{195F2307-3EDB-2E47-CEE2-9B166DE32B11}.Release|Any CPU.Build.0 = Release|Any CPU
		{7AE349B1-FB46-8885-9871-90F1D1739018}.Debug|Any CPU.ActiveCfg = Debug|Any CPU
		{7AE349B1-FB46-8885-9871-90F1D1739018}.Debug|Any CPU.Build.0 = Debug|Any CPU
		{7AE349B1-FB46-8885-9871-90F1D1739018}.Release|Any CPU.ActiveCfg = Release|Any CPU
		{7AE349B1-FB46-8885-9871-90F1D1739018}.Release|Any CPU.Build.0 = Release|Any CPU
		{3C1D0FA0-7F10-DE47-4BAE-DC3A34821C45}.Debug|Any CPU.ActiveCfg = Debug|Any CPU
		{3C1D0FA0-7F10-DE47-4BAE-DC3A34821C45}.Debug|Any CPU.Build.0 = Debug|Any CPU
		{3C1D0FA0-7F10-DE47-4BAE-DC3A34821C45}.Release|Any CPU.ActiveCfg = Release|Any CPU
		{3C1D0FA0-7F10-DE47-4BAE-DC3A34821C45}.Release|Any CPU.Build.0 = Release|Any CPU
		{63692303-77C3-AE30-1E46-A752553BCA0D}.Debug|Any CPU.ActiveCfg = Debug|Any CPU
		{63692303-77C3-AE30-1E46-A752553BCA0D}.Debug|Any CPU.Build.0 = Debug|Any CPU
		{63692303-77C3-AE30-1E46-A752553BCA0D}.Release|Any CPU.ActiveCfg = Release|Any CPU
		{63692303-77C3-AE30-1E46-A752553BCA0D}.Release|Any CPU.Build.0 = Release|Any CPU
		{7D05A51D-84ED-2A65-3144-105D471DDD65}.Debug|Any CPU.ActiveCfg = Debug|Any CPU
		{7D05A51D-84ED-2A65-3144-105D471DDD65}.Debug|Any CPU.Build.0 = Debug|Any CPU
		{7D05A51D-84ED-2A65-3144-105D471DDD65}.Release|Any CPU.ActiveCfg = Release|Any CPU
		{7D05A51D-84ED-2A65-3144-105D471DDD65}.Release|Any CPU.Build.0 = Release|Any CPU
		{52C81B9A-DE0F-31BF-60DA-0FAC4461A537}.Debug|Any CPU.ActiveCfg = Debug|Any CPU
		{52C81B9A-DE0F-31BF-60DA-0FAC4461A537}.Debug|Any CPU.Build.0 = Debug|Any CPU
		{52C81B9A-DE0F-31BF-60DA-0FAC4461A537}.Release|Any CPU.ActiveCfg = Release|Any CPU
		{52C81B9A-DE0F-31BF-60DA-0FAC4461A537}.Release|Any CPU.Build.0 = Release|Any CPU
		{DB2B512B-6806-11AF-DDF5-48DAB1666002}.Debug|Any CPU.ActiveCfg = Debug|Any CPU
		{DB2B512B-6806-11AF-DDF5-48DAB1666002}.Debug|Any CPU.Build.0 = Debug|Any CPU
		{DB2B512B-6806-11AF-DDF5-48DAB1666002}.Release|Any CPU.ActiveCfg = Release|Any CPU
		{DB2B512B-6806-11AF-DDF5-48DAB1666002}.Release|Any CPU.Build.0 = Release|Any CPU
		{28A7CCC4-3DC1-F99F-B625-08CF572E1D21}.Debug|Any CPU.ActiveCfg = Debug|Any CPU
		{28A7CCC4-3DC1-F99F-B625-08CF572E1D21}.Debug|Any CPU.Build.0 = Debug|Any CPU
		{28A7CCC4-3DC1-F99F-B625-08CF572E1D21}.Release|Any CPU.ActiveCfg = Release|Any CPU
		{28A7CCC4-3DC1-F99F-B625-08CF572E1D21}.Release|Any CPU.Build.0 = Release|Any CPU
		{F7933C77-3622-7D4E-7C14-A4D272A4827E}.Debug|Any CPU.ActiveCfg = Debug|Any CPU
		{F7933C77-3622-7D4E-7C14-A4D272A4827E}.Debug|Any CPU.Build.0 = Debug|Any CPU
		{F7933C77-3622-7D4E-7C14-A4D272A4827E}.Release|Any CPU.ActiveCfg = Release|Any CPU
		{F7933C77-3622-7D4E-7C14-A4D272A4827E}.Release|Any CPU.Build.0 = Release|Any CPU
		{31225549-4687-E235-6674-1315E279B98D}.Debug|Any CPU.ActiveCfg = Debug|Any CPU
		{31225549-4687-E235-6674-1315E279B98D}.Debug|Any CPU.Build.0 = Debug|Any CPU
		{31225549-4687-E235-6674-1315E279B98D}.Release|Any CPU.ActiveCfg = Release|Any CPU
		{31225549-4687-E235-6674-1315E279B98D}.Release|Any CPU.Build.0 = Release|Any CPU
		{8C33FC12-3AE5-6765-BE4D-900827FF1FDC}.Debug|Any CPU.ActiveCfg = Debug|Any CPU
		{8C33FC12-3AE5-6765-BE4D-900827FF1FDC}.Debug|Any CPU.Build.0 = Debug|Any CPU
		{8C33FC12-3AE5-6765-BE4D-900827FF1FDC}.Release|Any CPU.ActiveCfg = Release|Any CPU
		{8C33FC12-3AE5-6765-BE4D-900827FF1FDC}.Release|Any CPU.Build.0 = Release|Any CPU
		{7BD37286-1039-2134-AA30-42DBF92CBBC9}.Debug|Any CPU.ActiveCfg = Debug|Any CPU
		{7BD37286-1039-2134-AA30-42DBF92CBBC9}.Debug|Any CPU.Build.0 = Debug|Any CPU
		{7BD37286-1039-2134-AA30-42DBF92CBBC9}.Release|Any CPU.ActiveCfg = Release|Any CPU
		{7BD37286-1039-2134-AA30-42DBF92CBBC9}.Release|Any CPU.Build.0 = Release|Any CPU
		{B1D6C43F-4589-D2F6-E094-91D4B1F01685}.Debug|Any CPU.ActiveCfg = Debug|Any CPU
		{B1D6C43F-4589-D2F6-E094-91D4B1F01685}.Debug|Any CPU.Build.0 = Debug|Any CPU
		{B1D6C43F-4589-D2F6-E094-91D4B1F01685}.Release|Any CPU.ActiveCfg = Release|Any CPU
		{B1D6C43F-4589-D2F6-E094-91D4B1F01685}.Release|Any CPU.Build.0 = Release|Any CPU
		{29B5A36B-2573-365D-6632-C462568A6A58}.Debug|Any CPU.ActiveCfg = Debug|Any CPU
		{29B5A36B-2573-365D-6632-C462568A6A58}.Debug|Any CPU.Build.0 = Debug|Any CPU
		{29B5A36B-2573-365D-6632-C462568A6A58}.Release|Any CPU.ActiveCfg = Release|Any CPU
		{29B5A36B-2573-365D-6632-C462568A6A58}.Release|Any CPU.Build.0 = Release|Any CPU
		{A817A6DB-4689-B1E8-DC23-5B7D8D1B68FC}.Debug|Any CPU.ActiveCfg = Debug|Any CPU
		{A817A6DB-4689-B1E8-DC23-5B7D8D1B68FC}.Debug|Any CPU.Build.0 = Debug|Any CPU
		{A817A6DB-4689-B1E8-DC23-5B7D8D1B68FC}.Release|Any CPU.ActiveCfg = Release|Any CPU
		{A817A6DB-4689-B1E8-DC23-5B7D8D1B68FC}.Release|Any CPU.Build.0 = Release|Any CPU
		{8466BDA7-A85D-BFAD-7BC8-63A130C68D69}.Debug|Any CPU.ActiveCfg = Debug|Any CPU
		{8466BDA7-A85D-BFAD-7BC8-63A130C68D69}.Debug|Any CPU.Build.0 = Debug|Any CPU
		{8466BDA7-A85D-BFAD-7BC8-63A130C68D69}.Release|Any CPU.ActiveCfg = Release|Any CPU
		{8466BDA7-A85D-BFAD-7BC8-63A130C68D69}.Release|Any CPU.Build.0 = Release|Any CPU
		{6D889C44-6C81-04A7-8473-6F40013D1EB8}.Debug|Any CPU.ActiveCfg = Debug|Any CPU
		{6D889C44-6C81-04A7-8473-6F40013D1EB8}.Debug|Any CPU.Build.0 = Debug|Any CPU
		{6D889C44-6C81-04A7-8473-6F40013D1EB8}.Release|Any CPU.ActiveCfg = Release|Any CPU
		{6D889C44-6C81-04A7-8473-6F40013D1EB8}.Release|Any CPU.Build.0 = Release|Any CPU
		{6643AFA7-7812-3976-6A96-7CA56F7470D3}.Debug|Any CPU.ActiveCfg = Debug|Any CPU
		{6643AFA7-7812-3976-6A96-7CA56F7470D3}.Debug|Any CPU.Build.0 = Debug|Any CPU
		{6643AFA7-7812-3976-6A96-7CA56F7470D3}.Release|Any CPU.ActiveCfg = Release|Any CPU
		{6643AFA7-7812-3976-6A96-7CA56F7470D3}.Release|Any CPU.Build.0 = Release|Any CPU
		{E0AAE63A-D5EF-C3C2-B02F-CB407A498A41}.Debug|Any CPU.ActiveCfg = Debug|Any CPU
		{E0AAE63A-D5EF-C3C2-B02F-CB407A498A41}.Debug|Any CPU.Build.0 = Debug|Any CPU
		{E0AAE63A-D5EF-C3C2-B02F-CB407A498A41}.Release|Any CPU.ActiveCfg = Release|Any CPU
		{E0AAE63A-D5EF-C3C2-B02F-CB407A498A41}.Release|Any CPU.Build.0 = Release|Any CPU
		{E6A5986E-68F1-49BF-8817-7261C9D558D1}.Debug|Any CPU.ActiveCfg = Debug|Any CPU
		{E6A5986E-68F1-49BF-8817-7261C9D558D1}.Debug|Any CPU.Build.0 = Debug|Any CPU
		{E6A5986E-68F1-49BF-8817-7261C9D558D1}.Release|Any CPU.ActiveCfg = Release|Any CPU
		{E6A5986E-68F1-49BF-8817-7261C9D558D1}.Release|Any CPU.Build.0 = Release|Any CPU
		{1AC5F0B7-6C77-0376-A44C-62A53FC3E01A}.Debug|Any CPU.ActiveCfg = Debug|Any CPU
		{1AC5F0B7-6C77-0376-A44C-62A53FC3E01A}.Debug|Any CPU.Build.0 = Debug|Any CPU
		{1AC5F0B7-6C77-0376-A44C-62A53FC3E01A}.Release|Any CPU.ActiveCfg = Release|Any CPU
		{1AC5F0B7-6C77-0376-A44C-62A53FC3E01A}.Release|Any CPU.Build.0 = Release|Any CPU
		{F8C81B54-BCC3-D357-AFDB-442E29B05C00}.Debug|Any CPU.ActiveCfg = Debug|Any CPU
		{F8C81B54-BCC3-D357-AFDB-442E29B05C00}.Debug|Any CPU.Build.0 = Debug|Any CPU
		{F8C81B54-BCC3-D357-AFDB-442E29B05C00}.Release|Any CPU.ActiveCfg = Release|Any CPU
		{F8C81B54-BCC3-D357-AFDB-442E29B05C00}.Release|Any CPU.Build.0 = Release|Any CPU
		{57C0CC83-8D8F-52A3-59EF-E9E9FDC49F0D}.Debug|Any CPU.ActiveCfg = Debug|Any CPU
		{57C0CC83-8D8F-52A3-59EF-E9E9FDC49F0D}.Debug|Any CPU.Build.0 = Debug|Any CPU
		{57C0CC83-8D8F-52A3-59EF-E9E9FDC49F0D}.Release|Any CPU.ActiveCfg = Release|Any CPU
		{57C0CC83-8D8F-52A3-59EF-E9E9FDC49F0D}.Release|Any CPU.Build.0 = Release|Any CPU
		{7CBF7B18-480C-6306-F386-A632221D9B31}.Debug|Any CPU.ActiveCfg = Debug|Any CPU
		{7CBF7B18-480C-6306-F386-A632221D9B31}.Debug|Any CPU.Build.0 = Debug|Any CPU
		{7CBF7B18-480C-6306-F386-A632221D9B31}.Release|Any CPU.ActiveCfg = Release|Any CPU
		{7CBF7B18-480C-6306-F386-A632221D9B31}.Release|Any CPU.Build.0 = Release|Any CPU
		{462550CC-B459-1238-FC39-BC9C2EBEF5F4}.Debug|Any CPU.ActiveCfg = Debug|Any CPU
		{462550CC-B459-1238-FC39-BC9C2EBEF5F4}.Debug|Any CPU.Build.0 = Debug|Any CPU
		{462550CC-B459-1238-FC39-BC9C2EBEF5F4}.Release|Any CPU.ActiveCfg = Release|Any CPU
		{462550CC-B459-1238-FC39-BC9C2EBEF5F4}.Release|Any CPU.Build.0 = Release|Any CPU
		{D9E5F070-56D9-3522-15AE-627227DA17E3}.Debug|Any CPU.ActiveCfg = Debug|Any CPU
		{D9E5F070-56D9-3522-15AE-627227DA17E3}.Debug|Any CPU.Build.0 = Debug|Any CPU
		{D9E5F070-56D9-3522-15AE-627227DA17E3}.Release|Any CPU.ActiveCfg = Release|Any CPU
		{D9E5F070-56D9-3522-15AE-627227DA17E3}.Release|Any CPU.Build.0 = Release|Any CPU
		{A7D09EB6-5D2D-2964-6933-8DD1D96F9BC5}.Debug|Any CPU.ActiveCfg = Debug|Any CPU
		{A7D09EB6-5D2D-2964-6933-8DD1D96F9BC5}.Debug|Any CPU.Build.0 = Debug|Any CPU
		{A7D09EB6-5D2D-2964-6933-8DD1D96F9BC5}.Release|Any CPU.ActiveCfg = Release|Any CPU
		{A7D09EB6-5D2D-2964-6933-8DD1D96F9BC5}.Release|Any CPU.Build.0 = Release|Any CPU
		{C5D668E1-6AC3-5B55-019D-C80F3427CC3C}.Debug|Any CPU.ActiveCfg = Debug|Any CPU
		{C5D668E1-6AC3-5B55-019D-C80F3427CC3C}.Debug|Any CPU.Build.0 = Debug|Any CPU
		{C5D668E1-6AC3-5B55-019D-C80F3427CC3C}.Release|Any CPU.ActiveCfg = Release|Any CPU
		{C5D668E1-6AC3-5B55-019D-C80F3427CC3C}.Release|Any CPU.Build.0 = Release|Any CPU
		{1F78E169-1434-CAB6-F645-352102EC6140}.Debug|Any CPU.ActiveCfg = Debug|Any CPU
		{1F78E169-1434-CAB6-F645-352102EC6140}.Debug|Any CPU.Build.0 = Debug|Any CPU
		{1F78E169-1434-CAB6-F645-352102EC6140}.Release|Any CPU.ActiveCfg = Release|Any CPU
		{1F78E169-1434-CAB6-F645-352102EC6140}.Release|Any CPU.Build.0 = Release|Any CPU
		{5AD88383-789A-336A-326F-04A83EB77F3F}.Debug|Any CPU.ActiveCfg = Debug|Any CPU
		{5AD88383-789A-336A-326F-04A83EB77F3F}.Debug|Any CPU.Build.0 = Debug|Any CPU
		{5AD88383-789A-336A-326F-04A83EB77F3F}.Release|Any CPU.ActiveCfg = Release|Any CPU
		{5AD88383-789A-336A-326F-04A83EB77F3F}.Release|Any CPU.Build.0 = Release|Any CPU
		{AE30AA60-A95A-A65D-DFBF-362C6206E360}.Debug|Any CPU.ActiveCfg = Debug|Any CPU
		{AE30AA60-A95A-A65D-DFBF-362C6206E360}.Debug|Any CPU.Build.0 = Debug|Any CPU
		{AE30AA60-A95A-A65D-DFBF-362C6206E360}.Release|Any CPU.ActiveCfg = Release|Any CPU
		{AE30AA60-A95A-A65D-DFBF-362C6206E360}.Release|Any CPU.Build.0 = Release|Any CPU
		{77F92B46-D22C-516B-7D08-6DA4B1F973E0}.Debug|Any CPU.ActiveCfg = Debug|Any CPU
		{77F92B46-D22C-516B-7D08-6DA4B1F973E0}.Debug|Any CPU.Build.0 = Debug|Any CPU
		{77F92B46-D22C-516B-7D08-6DA4B1F973E0}.Release|Any CPU.ActiveCfg = Release|Any CPU
		{77F92B46-D22C-516B-7D08-6DA4B1F973E0}.Release|Any CPU.Build.0 = Release|Any CPU
		{A4445516-0A72-FD98-40BA-20858A646870}.Debug|Any CPU.ActiveCfg = Debug|Any CPU
		{A4445516-0A72-FD98-40BA-20858A646870}.Debug|Any CPU.Build.0 = Debug|Any CPU
		{A4445516-0A72-FD98-40BA-20858A646870}.Release|Any CPU.ActiveCfg = Release|Any CPU
		{A4445516-0A72-FD98-40BA-20858A646870}.Release|Any CPU.Build.0 = Release|Any CPU
		{456F2A57-F941-31BB-8B61-709B55D6E5DD}.Debug|Any CPU.ActiveCfg = Debug|Any CPU
		{456F2A57-F941-31BB-8B61-709B55D6E5DD}.Debug|Any CPU.Build.0 = Debug|Any CPU
		{456F2A57-F941-31BB-8B61-709B55D6E5DD}.Release|Any CPU.ActiveCfg = Release|Any CPU
		{456F2A57-F941-31BB-8B61-709B55D6E5DD}.Release|Any CPU.Build.0 = Release|Any CPU
		{763E0170-72D1-EA9F-0740-1410E12CA708}.Debug|Any CPU.ActiveCfg = Debug|Any CPU
		{763E0170-72D1-EA9F-0740-1410E12CA708}.Debug|Any CPU.Build.0 = Debug|Any CPU
		{763E0170-72D1-EA9F-0740-1410E12CA708}.Release|Any CPU.ActiveCfg = Release|Any CPU
		{763E0170-72D1-EA9F-0740-1410E12CA708}.Release|Any CPU.Build.0 = Release|Any CPU
		{8D65C8B3-112C-C081-527D-0935E31BD224}.Debug|Any CPU.ActiveCfg = Debug|Any CPU
		{8D65C8B3-112C-C081-527D-0935E31BD224}.Debug|Any CPU.Build.0 = Debug|Any CPU
		{8D65C8B3-112C-C081-527D-0935E31BD224}.Release|Any CPU.ActiveCfg = Release|Any CPU
		{8D65C8B3-112C-C081-527D-0935E31BD224}.Release|Any CPU.Build.0 = Release|Any CPU
	EndGlobalSection
	GlobalSection(SolutionProperties) = preSolution
		HideSolutionNode = FALSE
	EndGlobalSection
EndGlobal
